// !$*UTF8*$!
{
	archiveVersion = 1;
	classes = {
	};
	objectVersion = 56;
	objects = {

/* Begin PBXBuildFile section */
		AC3520FE29F887F900FA6067 /* WidgetKit.framework in Frameworks */ = {isa = PBXBuildFile; fileRef = AC3520FD29F887F900FA6067 /* WidgetKit.framework */; };
		AC35210029F887F900FA6067 /* SwiftUI.framework in Frameworks */ = {isa = PBXBuildFile; fileRef = AC3520FF29F887F900FA6067 /* SwiftUI.framework */; };
		AC35210329F887F900FA6067 /* DevoteWidgetBundle.swift in Sources */ = {isa = PBXBuildFile; fileRef = AC35210229F887F900FA6067 /* DevoteWidgetBundle.swift */; };
		AC35210529F887F900FA6067 /* DevoteWidget.swift in Sources */ = {isa = PBXBuildFile; fileRef = AC35210429F887F900FA6067 /* DevoteWidget.swift */; };
		AC35210729F887F900FA6067 /* Assets.xcassets in Resources */ = {isa = PBXBuildFile; fileRef = AC35210629F887F900FA6067 /* Assets.xcassets */; };
		AC35210B29F887F900FA6067 /* DevoteWidgetExtension.appex in Embed Foundation Extensions */ = {isa = PBXBuildFile; fileRef = AC3520FB29F887F900FA6067 /* DevoteWidgetExtension.appex */; settings = {ATTRIBUTES = (RemoveHeadersOnCopy, ); }; };
		AC9DCB4429F6FC2F00F02EE3 /* ListRowItemView.swift in Sources */ = {isa = PBXBuildFile; fileRef = AC9DCB4329F6FC2F00F02EE3 /* ListRowItemView.swift */; };
		AC9DCB4629F6FFEC00F02EE3 /* CheckboxStyle.swift in Sources */ = {isa = PBXBuildFile; fileRef = AC9DCB4529F6FFEC00F02EE3 /* CheckboxStyle.swift */; };
		ACAFAB0229DCE8BB00155068 /* HideKeyboardExtension.swift in Sources */ = {isa = PBXBuildFile; fileRef = ACAFAB0129DCE8BB00155068 /* HideKeyboardExtension.swift */; };
		ACAFAB0429DE230E00155068 /* BackgroundImageView.swift in Sources */ = {isa = PBXBuildFile; fileRef = ACAFAB0329DE230E00155068 /* BackgroundImageView.swift */; };
		ACAFAB0629DE260B00155068 /* NewTaskItemView.swift in Sources */ = {isa = PBXBuildFile; fileRef = ACAFAB0529DE260B00155068 /* NewTaskItemView.swift */; };
		ACAFAB0829DE2B5100155068 /* BlankView.swift in Sources */ = {isa = PBXBuildFile; fileRef = ACAFAB0729DE2B5100155068 /* BlankView.swift */; };
		ACFBE1F329CE150100E1F159 /* DevoteApp.swift in Sources */ = {isa = PBXBuildFile; fileRef = ACFBE1F229CE150100E1F159 /* DevoteApp.swift */; };
		ACFBE1F529CE150100E1F159 /* ContentView.swift in Sources */ = {isa = PBXBuildFile; fileRef = ACFBE1F429CE150100E1F159 /* ContentView.swift */; };
		ACFBE1F729CE150100E1F159 /* Assets.xcassets in Resources */ = {isa = PBXBuildFile; fileRef = ACFBE1F629CE150100E1F159 /* Assets.xcassets */; };
		ACFBE1FA29CE150100E1F159 /* Preview Assets.xcassets in Resources */ = {isa = PBXBuildFile; fileRef = ACFBE1F929CE150100E1F159 /* Preview Assets.xcassets */; };
		ACFBE1FC29CE150100E1F159 /* Persistence.swift in Sources */ = {isa = PBXBuildFile; fileRef = ACFBE1FB29CE150100E1F159 /* Persistence.swift */; };
		ACFBE1FF29CE150100E1F159 /* Devote.xcdatamodeld in Sources */ = {isa = PBXBuildFile; fileRef = ACFBE1FD29CE150100E1F159 /* Devote.xcdatamodeld */; };
		ACFBE20929CE15CA00E1F159 /* sound-rise.mp3 in Resources */ = {isa = PBXBuildFile; fileRef = ACFBE20629CE15CA00E1F159 /* sound-rise.mp3 */; };
		ACFBE20A29CE15CA00E1F159 /* sound-tap.mp3 in Resources */ = {isa = PBXBuildFile; fileRef = ACFBE20729CE15CA00E1F159 /* sound-tap.mp3 */; };
		ACFBE20B29CE15CA00E1F159 /* sound-ding.mp3 in Resources */ = {isa = PBXBuildFile; fileRef = ACFBE20829CE15CA00E1F159 /* sound-ding.mp3 */; };
		ACFBE21E29CE631600E1F159 /* Contant.swift in Sources */ = {isa = PBXBuildFile; fileRef = ACFBE21D29CE631600E1F159 /* Contant.swift */; };
/* End PBXBuildFile section */

/* Begin PBXContainerItemProxy section */
		AC35210929F887F900FA6067 /* PBXContainerItemProxy */ = {
			isa = PBXContainerItemProxy;
			containerPortal = ACFBE1E729CE150100E1F159 /* Project object */;
			proxyType = 1;
			remoteGlobalIDString = AC3520FA29F887F900FA6067;
			remoteInfo = DevoteWidgetExtension;
		};
/* End PBXContainerItemProxy section */

/* Begin PBXCopyFilesBuildPhase section */
		AC35210C29F887F900FA6067 /* Embed Foundation Extensions */ = {
			isa = PBXCopyFilesBuildPhase;
			buildActionMask = 2147483647;
			dstPath = "";
			dstSubfolderSpec = 13;
			files = (
				AC35210B29F887F900FA6067 /* DevoteWidgetExtension.appex in Embed Foundation Extensions */,
			);
			name = "Embed Foundation Extensions";
			runOnlyForDeploymentPostprocessing = 0;
		};
/* End PBXCopyFilesBuildPhase section */

/* Begin PBXFileReference section */
		AC3520FB29F887F900FA6067 /* DevoteWidgetExtension.appex */ = {isa = PBXFileReference; explicitFileType = "wrapper.app-extension"; includeInIndex = 0; path = DevoteWidgetExtension.appex; sourceTree = BUILT_PRODUCTS_DIR; };
		AC3520FD29F887F900FA6067 /* WidgetKit.framework */ = {isa = PBXFileReference; lastKnownFileType = wrapper.framework; name = WidgetKit.framework; path = System/Library/Frameworks/WidgetKit.framework; sourceTree = SDKROOT; };
		AC3520FF29F887F900FA6067 /* SwiftUI.framework */ = {isa = PBXFileReference; lastKnownFileType = wrapper.framework; name = SwiftUI.framework; path = System/Library/Frameworks/SwiftUI.framework; sourceTree = SDKROOT; };
		AC35210229F887F900FA6067 /* DevoteWidgetBundle.swift */ = {isa = PBXFileReference; lastKnownFileType = sourcecode.swift; path = DevoteWidgetBundle.swift; sourceTree = "<group>"; };
		AC35210429F887F900FA6067 /* DevoteWidget.swift */ = {isa = PBXFileReference; lastKnownFileType = sourcecode.swift; path = DevoteWidget.swift; sourceTree = "<group>"; };
		AC35210629F887F900FA6067 /* Assets.xcassets */ = {isa = PBXFileReference; lastKnownFileType = folder.assetcatalog; path = Assets.xcassets; sourceTree = "<group>"; };
		AC35210829F887F900FA6067 /* Info.plist */ = {isa = PBXFileReference; lastKnownFileType = text.plist.xml; path = Info.plist; sourceTree = "<group>"; };
		AC9DCB4329F6FC2F00F02EE3 /* ListRowItemView.swift */ = {isa = PBXFileReference; lastKnownFileType = sourcecode.swift; path = ListRowItemView.swift; sourceTree = "<group>"; };
		AC9DCB4529F6FFEC00F02EE3 /* CheckboxStyle.swift */ = {isa = PBXFileReference; lastKnownFileType = sourcecode.swift; path = CheckboxStyle.swift; sourceTree = "<group>"; };
		ACAFAB0129DCE8BB00155068 /* HideKeyboardExtension.swift */ = {isa = PBXFileReference; lastKnownFileType = sourcecode.swift; path = HideKeyboardExtension.swift; sourceTree = "<group>"; };
		ACAFAB0329DE230E00155068 /* BackgroundImageView.swift */ = {isa = PBXFileReference; lastKnownFileType = sourcecode.swift; path = BackgroundImageView.swift; sourceTree = "<group>"; };
		ACAFAB0529DE260B00155068 /* NewTaskItemView.swift */ = {isa = PBXFileReference; lastKnownFileType = sourcecode.swift; path = NewTaskItemView.swift; sourceTree = "<group>"; };
		ACAFAB0729DE2B5100155068 /* BlankView.swift */ = {isa = PBXFileReference; lastKnownFileType = sourcecode.swift; path = BlankView.swift; sourceTree = "<group>"; };
		ACFBE1EF29CE150100E1F159 /* Devote.app */ = {isa = PBXFileReference; explicitFileType = wrapper.application; includeInIndex = 0; path = Devote.app; sourceTree = BUILT_PRODUCTS_DIR; };
		ACFBE1F229CE150100E1F159 /* DevoteApp.swift */ = {isa = PBXFileReference; lastKnownFileType = sourcecode.swift; path = DevoteApp.swift; sourceTree = "<group>"; };
		ACFBE1F429CE150100E1F159 /* ContentView.swift */ = {isa = PBXFileReference; lastKnownFileType = sourcecode.swift; path = ContentView.swift; sourceTree = "<group>"; };
		ACFBE1F629CE150100E1F159 /* Assets.xcassets */ = {isa = PBXFileReference; lastKnownFileType = folder.assetcatalog; path = Assets.xcassets; sourceTree = "<group>"; };
		ACFBE1F929CE150100E1F159 /* Preview Assets.xcassets */ = {isa = PBXFileReference; lastKnownFileType = folder.assetcatalog; path = "Preview Assets.xcassets"; sourceTree = "<group>"; };
		ACFBE1FB29CE150100E1F159 /* Persistence.swift */ = {isa = PBXFileReference; lastKnownFileType = sourcecode.swift; path = Persistence.swift; sourceTree = "<group>"; };
		ACFBE1FE29CE150100E1F159 /* Devote.xcdatamodel */ = {isa = PBXFileReference; lastKnownFileType = wrapper.xcdatamodel; path = Devote.xcdatamodel; sourceTree = "<group>"; };
		ACFBE20629CE15CA00E1F159 /* sound-rise.mp3 */ = {isa = PBXFileReference; lastKnownFileType = audio.mp3; path = "sound-rise.mp3"; sourceTree = "<group>"; };
		ACFBE20729CE15CA00E1F159 /* sound-tap.mp3 */ = {isa = PBXFileReference; lastKnownFileType = audio.mp3; path = "sound-tap.mp3"; sourceTree = "<group>"; };
		ACFBE20829CE15CA00E1F159 /* sound-ding.mp3 */ = {isa = PBXFileReference; lastKnownFileType = audio.mp3; path = "sound-ding.mp3"; sourceTree = "<group>"; };
		ACFBE21429CE16DD00E1F159 /* Info.plist */ = {isa = PBXFileReference; lastKnownFileType = text.plist; path = Info.plist; sourceTree = "<group>"; };
		ACFBE21D29CE631600E1F159 /* Contant.swift */ = {isa = PBXFileReference; lastKnownFileType = sourcecode.swift; path = Contant.swift; sourceTree = "<group>"; };
/* End PBXFileReference section */

/* Begin PBXFrameworksBuildPhase section */
		AC3520F829F887F900FA6067 /* Frameworks */ = {
			isa = PBXFrameworksBuildPhase;
			buildActionMask = 2147483647;
			files = (
				AC35210029F887F900FA6067 /* SwiftUI.framework in Frameworks */,
				AC3520FE29F887F900FA6067 /* WidgetKit.framework in Frameworks */,
			);
			runOnlyForDeploymentPostprocessing = 0;
		};
		ACFBE1EC29CE150100E1F159 /* Frameworks */ = {
			isa = PBXFrameworksBuildPhase;
			buildActionMask = 2147483647;
			files = (
			);
			runOnlyForDeploymentPostprocessing = 0;
		};
/* End PBXFrameworksBuildPhase section */

/* Begin PBXGroup section */
		AC3520FC29F887F900FA6067 /* Frameworks */ = {
			isa = PBXGroup;
			children = (
				AC3520FD29F887F900FA6067 /* WidgetKit.framework */,
				AC3520FF29F887F900FA6067 /* SwiftUI.framework */,
			);
			name = Frameworks;
			sourceTree = "<group>";
		};
		AC35210129F887F900FA6067 /* DevoteWidget */ = {
			isa = PBXGroup;
			children = (
				AC35210229F887F900FA6067 /* DevoteWidgetBundle.swift */,
				AC35210429F887F900FA6067 /* DevoteWidget.swift */,
				AC35210629F887F900FA6067 /* Assets.xcassets */,
				AC35210829F887F900FA6067 /* Info.plist */,
			);
			path = DevoteWidget;
			sourceTree = "<group>";
		};
		ACFBE1E629CE150100E1F159 = {
			isa = PBXGroup;
			children = (
				ACFBE1F129CE150100E1F159 /* Devote */,
				AC35210129F887F900FA6067 /* DevoteWidget */,
				AC3520FC29F887F900FA6067 /* Frameworks */,
				ACFBE1F029CE150100E1F159 /* Products */,
			);
			sourceTree = "<group>";
		};
		ACFBE1F029CE150100E1F159 /* Products */ = {
			isa = PBXGroup;
			children = (
				ACFBE1EF29CE150100E1F159 /* Devote.app */,
				AC3520FB29F887F900FA6067 /* DevoteWidgetExtension.appex */,
			);
			name = Products;
			sourceTree = "<group>";
		};
		ACFBE1F129CE150100E1F159 /* Devote */ = {
			isa = PBXGroup;
			children = (
				ACFBE21429CE16DD00E1F159 /* Info.plist */,
				ACFBE21229CE16A400E1F159 /* Style */,
				ACFBE20529CE159A00E1F159 /* App */,
				ACFBE1F629CE150100E1F159 /* Assets.xcassets */,
				ACFBE20D29CE15F200E1F159 /* Data */,
				ACFBE20E29CE15FD00E1F159 /* Extension */,
				ACFBE20F29CE160B00E1F159 /* Model */,
				ACFBE1F829CE150100E1F159 /* Preview Content */,
				ACFBE20C29CE15D300E1F159 /* Sound */,
				ACFBE21029CE161100E1F159 /* Utility */,
				ACFBE21129CE161D00E1F159 /* View */,
			);
			path = Devote;
			sourceTree = "<group>";
		};
		ACFBE1F829CE150100E1F159 /* Preview Content */ = {
			isa = PBXGroup;
			children = (
				ACFBE1F929CE150100E1F159 /* Preview Assets.xcassets */,
			);
			path = "Preview Content";
			sourceTree = "<group>";
		};
		ACFBE20529CE159A00E1F159 /* App */ = {
			isa = PBXGroup;
			children = (
				ACFBE1F229CE150100E1F159 /* DevoteApp.swift */,
			);
			path = App;
			sourceTree = "<group>";
		};
		ACFBE20C29CE15D300E1F159 /* Sound */ = {
			isa = PBXGroup;
			children = (
				ACFBE20829CE15CA00E1F159 /* sound-ding.mp3 */,
				ACFBE20629CE15CA00E1F159 /* sound-rise.mp3 */,
				ACFBE20729CE15CA00E1F159 /* sound-tap.mp3 */,
			);
			path = Sound;
			sourceTree = "<group>";
		};
		ACFBE20D29CE15F200E1F159 /* Data */ = {
			isa = PBXGroup;
			children = (
			);
			path = Data;
			sourceTree = "<group>";
		};
		ACFBE20E29CE15FD00E1F159 /* Extension */ = {
			isa = PBXGroup;
			children = (
				ACAFAB0129DCE8BB00155068 /* HideKeyboardExtension.swift */,
			);
			path = Extension;
			sourceTree = "<group>";
		};
		ACFBE20F29CE160B00E1F159 /* Model */ = {
			isa = PBXGroup;
			children = (
				ACFBE1FD29CE150100E1F159 /* Devote.xcdatamodeld */,
				ACFBE1FB29CE150100E1F159 /* Persistence.swift */,
			);
			path = Model;
			sourceTree = "<group>";
		};
		ACFBE21029CE161100E1F159 /* Utility */ = {
			isa = PBXGroup;
			children = (
				ACFBE21D29CE631600E1F159 /* Contant.swift */,
			);
			path = Utility;
			sourceTree = "<group>";
		};
		ACFBE21129CE161D00E1F159 /* View */ = {
			isa = PBXGroup;
			children = (
				ACFBE1F429CE150100E1F159 /* ContentView.swift */,
				ACAFAB0329DE230E00155068 /* BackgroundImageView.swift */,
				ACAFAB0529DE260B00155068 /* NewTaskItemView.swift */,
				ACAFAB0729DE2B5100155068 /* BlankView.swift */,
				AC9DCB4329F6FC2F00F02EE3 /* ListRowItemView.swift */,
			);
			path = View;
			sourceTree = "<group>";
		};
		ACFBE21229CE16A400E1F159 /* Style */ = {
			isa = PBXGroup;
			children = (
				AC9DCB4529F6FFEC00F02EE3 /* CheckboxStyle.swift */,
			);
			path = Style;
			sourceTree = "<group>";
		};
/* End PBXGroup section */

/* Begin PBXNativeTarget section */
		AC3520FA29F887F900FA6067 /* DevoteWidgetExtension */ = {
			isa = PBXNativeTarget;
			buildConfigurationList = AC35210F29F887F900FA6067 /* Build configuration list for PBXNativeTarget "DevoteWidgetExtension" */;
			buildPhases = (
				AC3520F729F887F900FA6067 /* Sources */,
				AC3520F829F887F900FA6067 /* Frameworks */,
				AC3520F929F887F900FA6067 /* Resources */,
			);
			buildRules = (
			);
			dependencies = (
			);
			name = DevoteWidgetExtension;
			productName = DevoteWidgetExtension;
			productReference = AC3520FB29F887F900FA6067 /* DevoteWidgetExtension.appex */;
			productType = "com.apple.product-type.app-extension";
		};
		ACFBE1EE29CE150100E1F159 /* Devote */ = {
			isa = PBXNativeTarget;
			buildConfigurationList = ACFBE20229CE150100E1F159 /* Build configuration list for PBXNativeTarget "Devote" */;
			buildPhases = (
				ACFBE1EB29CE150100E1F159 /* Sources */,
				ACFBE1EC29CE150100E1F159 /* Frameworks */,
				ACFBE1ED29CE150100E1F159 /* Resources */,
				AC35210C29F887F900FA6067 /* Embed Foundation Extensions */,
			);
			buildRules = (
			);
			dependencies = (
				AC35210A29F887F900FA6067 /* PBXTargetDependency */,
			);
			name = Devote;
			productName = Devote;
			productReference = ACFBE1EF29CE150100E1F159 /* Devote.app */;
			productType = "com.apple.product-type.application";
		};
/* End PBXNativeTarget section */

/* Begin PBXProject section */
		ACFBE1E729CE150100E1F159 /* Project object */ = {
			isa = PBXProject;
			attributes = {
				BuildIndependentTargetsInParallel = 1;
				LastSwiftUpdateCheck = 1430;
				LastUpgradeCheck = 1420;
				TargetAttributes = {
					AC3520FA29F887F900FA6067 = {
						CreatedOnToolsVersion = 14.3;
					};
					ACFBE1EE29CE150100E1F159 = {
						CreatedOnToolsVersion = 14.2;
					};
				};
			};
			buildConfigurationList = ACFBE1EA29CE150100E1F159 /* Build configuration list for PBXProject "Devote" */;
			compatibilityVersion = "Xcode 14.0";
			developmentRegion = en;
			hasScannedForEncodings = 0;
			knownRegions = (
				en,
				Base,
			);
			mainGroup = ACFBE1E629CE150100E1F159;
			productRefGroup = ACFBE1F029CE150100E1F159 /* Products */;
			projectDirPath = "";
			projectRoot = "";
			targets = (
				ACFBE1EE29CE150100E1F159 /* Devote */,
				AC3520FA29F887F900FA6067 /* DevoteWidgetExtension */,
			);
		};
/* End PBXProject section */

/* Begin PBXResourcesBuildPhase section */
		AC3520F929F887F900FA6067 /* Resources */ = {
			isa = PBXResourcesBuildPhase;
			buildActionMask = 2147483647;
			files = (
				AC35210729F887F900FA6067 /* Assets.xcassets in Resources */,
			);
			runOnlyForDeploymentPostprocessing = 0;
		};
		ACFBE1ED29CE150100E1F159 /* Resources */ = {
			isa = PBXResourcesBuildPhase;
			buildActionMask = 2147483647;
			files = (
				ACFBE20B29CE15CA00E1F159 /* sound-ding.mp3 in Resources */,
				ACFBE20929CE15CA00E1F159 /* sound-rise.mp3 in Resources */,
				ACFBE1FA29CE150100E1F159 /* Preview Assets.xcassets in Resources */,
				ACFBE20A29CE15CA00E1F159 /* sound-tap.mp3 in Resources */,
				ACFBE1F729CE150100E1F159 /* Assets.xcassets in Resources */,
			);
			runOnlyForDeploymentPostprocessing = 0;
		};
/* End PBXResourcesBuildPhase section */

/* Begin PBXSourcesBuildPhase section */
		AC3520F729F887F900FA6067 /* Sources */ = {
			isa = PBXSourcesBuildPhase;
			buildActionMask = 2147483647;
			files = (
				AC35210529F887F900FA6067 /* DevoteWidget.swift in Sources */,
				AC35210329F887F900FA6067 /* DevoteWidgetBundle.swift in Sources */,
			);
			runOnlyForDeploymentPostprocessing = 0;
		};
		ACFBE1EB29CE150100E1F159 /* Sources */ = {
			isa = PBXSourcesBuildPhase;
			buildActionMask = 2147483647;
			files = (
				ACFBE1FC29CE150100E1F159 /* Persistence.swift in Sources */,
				ACAFAB0429DE230E00155068 /* BackgroundImageView.swift in Sources */,
				ACFBE21E29CE631600E1F159 /* Contant.swift in Sources */,
				ACAFAB0229DCE8BB00155068 /* HideKeyboardExtension.swift in Sources */,
				ACAFAB0829DE2B5100155068 /* BlankView.swift in Sources */,
				ACFBE1F529CE150100E1F159 /* ContentView.swift in Sources */,
				AC9DCB4429F6FC2F00F02EE3 /* ListRowItemView.swift in Sources */,
				ACFBE1FF29CE150100E1F159 /* Devote.xcdatamodeld in Sources */,
				ACFBE1F329CE150100E1F159 /* DevoteApp.swift in Sources */,
				AC9DCB4629F6FFEC00F02EE3 /* CheckboxStyle.swift in Sources */,
				ACAFAB0629DE260B00155068 /* NewTaskItemView.swift in Sources */,
			);
			runOnlyForDeploymentPostprocessing = 0;
		};
/* End PBXSourcesBuildPhase section */

/* Begin PBXTargetDependency section */
		AC35210A29F887F900FA6067 /* PBXTargetDependency */ = {
			isa = PBXTargetDependency;
			target = AC3520FA29F887F900FA6067 /* DevoteWidgetExtension */;
			targetProxy = AC35210929F887F900FA6067 /* PBXContainerItemProxy */;
		};
/* End PBXTargetDependency section */

/* Begin XCBuildConfiguration section */
		AC35210D29F887F900FA6067 /* Debug */ = {
			isa = XCBuildConfiguration;
			buildSettings = {
				ASSETCATALOG_COMPILER_GLOBAL_ACCENT_COLOR_NAME = AccentColor;
				ASSETCATALOG_COMPILER_WIDGET_BACKGROUND_COLOR_NAME = WidgetBackground;
				CODE_SIGN_STYLE = Automatic;
				CURRENT_PROJECT_VERSION = 1;
				DEVELOPMENT_TEAM = 9N27YBGSVD;
				GENERATE_INFOPLIST_FILE = YES;
				INFOPLIST_FILE = DevoteWidget/Info.plist;
				INFOPLIST_KEY_CFBundleDisplayName = DevoteWidget;
				INFOPLIST_KEY_NSHumanReadableCopyright = "";
				IPHONEOS_DEPLOYMENT_TARGET = 16.4;
				LD_RUNPATH_SEARCH_PATHS = (
					"$(inherited)",
					"@executable_path/Frameworks",
					"@executable_path/../../Frameworks",
				);
				MARKETING_VERSION = 1.0;
				PRODUCT_BUNDLE_IDENTIFIER = com.jonathanschaffer.Devote.DevoteWidget;
				PRODUCT_NAME = "$(TARGET_NAME)";
				SKIP_INSTALL = YES;
				SWIFT_EMIT_LOC_STRINGS = YES;
				SWIFT_VERSION = 5.0;
				TARGETED_DEVICE_FAMILY = "1,2";
			};
			name = Debug;
		};
		AC35210E29F887F900FA6067 /* Release */ = {
			isa = XCBuildConfiguration;
			buildSettings = {
				ASSETCATALOG_COMPILER_GLOBAL_ACCENT_COLOR_NAME = AccentColor;
				ASSETCATALOG_COMPILER_WIDGET_BACKGROUND_COLOR_NAME = WidgetBackground;
				CODE_SIGN_STYLE = Automatic;
				CURRENT_PROJECT_VERSION = 1;
				DEVELOPMENT_TEAM = 9N27YBGSVD;
				GENERATE_INFOPLIST_FILE = YES;
				INFOPLIST_FILE = DevoteWidget/Info.plist;
				INFOPLIST_KEY_CFBundleDisplayName = DevoteWidget;
				INFOPLIST_KEY_NSHumanReadableCopyright = "";
				IPHONEOS_DEPLOYMENT_TARGET = 16.4;
				LD_RUNPATH_SEARCH_PATHS = (
					"$(inherited)",
					"@executable_path/Frameworks",
					"@executable_path/../../Frameworks",
				);
				MARKETING_VERSION = 1.0;
				PRODUCT_BUNDLE_IDENTIFIER = com.jonathanschaffer.Devote.DevoteWidget;
				PRODUCT_NAME = "$(TARGET_NAME)";
				SKIP_INSTALL = YES;
				SWIFT_EMIT_LOC_STRINGS = YES;
				SWIFT_VERSION = 5.0;
				TARGETED_DEVICE_FAMILY = "1,2";
			};
			name = Release;
		};
		ACFBE20029CE150100E1F159 /* Debug */ = {
			isa = XCBuildConfiguration;
			buildSettings = {
				ALWAYS_SEARCH_USER_PATHS = NO;
				CLANG_ANALYZER_NONNULL = YES;
				CLANG_ANALYZER_NUMBER_OBJECT_CONVERSION = YES_AGGRESSIVE;
				CLANG_CXX_LANGUAGE_STANDARD = "gnu++20";
				CLANG_ENABLE_MODULES = YES;
				CLANG_ENABLE_OBJC_ARC = YES;
				CLANG_ENABLE_OBJC_WEAK = YES;
				CLANG_WARN_BLOCK_CAPTURE_AUTORELEASING = YES;
				CLANG_WARN_BOOL_CONVERSION = YES;
				CLANG_WARN_COMMA = YES;
				CLANG_WARN_CONSTANT_CONVERSION = YES;
				CLANG_WARN_DEPRECATED_OBJC_IMPLEMENTATIONS = YES;
				CLANG_WARN_DIRECT_OBJC_ISA_USAGE = YES_ERROR;
				CLANG_WARN_DOCUMENTATION_COMMENTS = YES;
				CLANG_WARN_EMPTY_BODY = YES;
				CLANG_WARN_ENUM_CONVERSION = YES;
				CLANG_WARN_INFINITE_RECURSION = YES;
				CLANG_WARN_INT_CONVERSION = YES;
				CLANG_WARN_NON_LITERAL_NULL_CONVERSION = YES;
				CLANG_WARN_OBJC_IMPLICIT_RETAIN_SELF = YES;
				CLANG_WARN_OBJC_LITERAL_CONVERSION = YES;
				CLANG_WARN_OBJC_ROOT_CLASS = YES_ERROR;
				CLANG_WARN_QUOTED_INCLUDE_IN_FRAMEWORK_HEADER = YES;
				CLANG_WARN_RANGE_LOOP_ANALYSIS = YES;
				CLANG_WARN_STRICT_PROTOTYPES = YES;
				CLANG_WARN_SUSPICIOUS_MOVE = YES;
				CLANG_WARN_UNGUARDED_AVAILABILITY = YES_AGGRESSIVE;
				CLANG_WARN_UNREACHABLE_CODE = YES;
				CLANG_WARN__DUPLICATE_METHOD_MATCH = YES;
				COPY_PHASE_STRIP = NO;
				DEBUG_INFORMATION_FORMAT = dwarf;
				ENABLE_STRICT_OBJC_MSGSEND = YES;
				ENABLE_TESTABILITY = YES;
				GCC_C_LANGUAGE_STANDARD = gnu11;
				GCC_DYNAMIC_NO_PIC = NO;
				GCC_NO_COMMON_BLOCKS = YES;
				GCC_OPTIMIZATION_LEVEL = 0;
				GCC_PREPROCESSOR_DEFINITIONS = (
					"DEBUG=1",
					"$(inherited)",
				);
				GCC_WARN_64_TO_32_BIT_CONVERSION = YES;
				GCC_WARN_ABOUT_RETURN_TYPE = YES_ERROR;
				GCC_WARN_UNDECLARED_SELECTOR = YES;
				GCC_WARN_UNINITIALIZED_AUTOS = YES_AGGRESSIVE;
				GCC_WARN_UNUSED_FUNCTION = YES;
				GCC_WARN_UNUSED_VARIABLE = YES;
				IPHONEOS_DEPLOYMENT_TARGET = 16.2;
				MTL_ENABLE_DEBUG_INFO = INCLUDE_SOURCE;
				MTL_FAST_MATH = YES;
				ONLY_ACTIVE_ARCH = YES;
				SDKROOT = iphoneos;
				SWIFT_ACTIVE_COMPILATION_CONDITIONS = DEBUG;
				SWIFT_OPTIMIZATION_LEVEL = "-Onone";
			};
			name = Debug;
		};
		ACFBE20129CE150100E1F159 /* Release */ = {
			isa = XCBuildConfiguration;
			buildSettings = {
				ALWAYS_SEARCH_USER_PATHS = NO;
				CLANG_ANALYZER_NONNULL = YES;
				CLANG_ANALYZER_NUMBER_OBJECT_CONVERSION = YES_AGGRESSIVE;
				CLANG_CXX_LANGUAGE_STANDARD = "gnu++20";
				CLANG_ENABLE_MODULES = YES;
				CLANG_ENABLE_OBJC_ARC = YES;
				CLANG_ENABLE_OBJC_WEAK = YES;
				CLANG_WARN_BLOCK_CAPTURE_AUTORELEASING = YES;
				CLANG_WARN_BOOL_CONVERSION = YES;
				CLANG_WARN_COMMA = YES;
				CLANG_WARN_CONSTANT_CONVERSION = YES;
				CLANG_WARN_DEPRECATED_OBJC_IMPLEMENTATIONS = YES;
				CLANG_WARN_DIRECT_OBJC_ISA_USAGE = YES_ERROR;
				CLANG_WARN_DOCUMENTATION_COMMENTS = YES;
				CLANG_WARN_EMPTY_BODY = YES;
				CLANG_WARN_ENUM_CONVERSION = YES;
				CLANG_WARN_INFINITE_RECURSION = YES;
				CLANG_WARN_INT_CONVERSION = YES;
				CLANG_WARN_NON_LITERAL_NULL_CONVERSION = YES;
				CLANG_WARN_OBJC_IMPLICIT_RETAIN_SELF = YES;
				CLANG_WARN_OBJC_LITERAL_CONVERSION = YES;
				CLANG_WARN_OBJC_ROOT_CLASS = YES_ERROR;
				CLANG_WARN_QUOTED_INCLUDE_IN_FRAMEWORK_HEADER = YES;
				CLANG_WARN_RANGE_LOOP_ANALYSIS = YES;
				CLANG_WARN_STRICT_PROTOTYPES = YES;
				CLANG_WARN_SUSPICIOUS_MOVE = YES;
				CLANG_WARN_UNGUARDED_AVAILABILITY = YES_AGGRESSIVE;
				CLANG_WARN_UNREACHABLE_CODE = YES;
				CLANG_WARN__DUPLICATE_METHOD_MATCH = YES;
				COPY_PHASE_STRIP = NO;
				DEBUG_INFORMATION_FORMAT = "dwarf-with-dsym";
				ENABLE_NS_ASSERTIONS = NO;
				ENABLE_STRICT_OBJC_MSGSEND = YES;
				GCC_C_LANGUAGE_STANDARD = gnu11;
				GCC_NO_COMMON_BLOCKS = YES;
				GCC_WARN_64_TO_32_BIT_CONVERSION = YES;
				GCC_WARN_ABOUT_RETURN_TYPE = YES_ERROR;
				GCC_WARN_UNDECLARED_SELECTOR = YES;
				GCC_WARN_UNINITIALIZED_AUTOS = YES_AGGRESSIVE;
				GCC_WARN_UNUSED_FUNCTION = YES;
				GCC_WARN_UNUSED_VARIABLE = YES;
				IPHONEOS_DEPLOYMENT_TARGET = 16.2;
				MTL_ENABLE_DEBUG_INFO = NO;
				MTL_FAST_MATH = YES;
				SDKROOT = iphoneos;
				SWIFT_COMPILATION_MODE = wholemodule;
				SWIFT_OPTIMIZATION_LEVEL = "-O";
				VALIDATE_PRODUCT = YES;
			};
			name = Release;
		};
		ACFBE20329CE150100E1F159 /* Debug */ = {
			isa = XCBuildConfiguration;
			buildSettings = {
				ALWAYS_EMBED_SWIFT_STANDARD_LIBRARIES = YES;
				ASSETCATALOG_COMPILER_APPICON_NAME = AppIcon;
				ASSETCATALOG_COMPILER_GLOBAL_ACCENT_COLOR_NAME = AccentColor;
				CODE_SIGN_STYLE = Automatic;
				CURRENT_PROJECT_VERSION = 1;
				DEVELOPMENT_ASSET_PATHS = "\"Devote/Preview Content\"";
				DEVELOPMENT_TEAM = 9N27YBGSVD;
				ENABLE_PREVIEWS = YES;
				GENERATE_INFOPLIST_FILE = YES;
				INFOPLIST_FILE = Devote/Info.plist;
				INFOPLIST_KEY_UIApplicationSceneManifest_Generation = YES;
				INFOPLIST_KEY_UIApplicationSupportsIndirectInputEvents = YES;
				INFOPLIST_KEY_UISupportedInterfaceOrientations = UIInterfaceOrientationPortrait;
				LD_RUNPATH_SEARCH_PATHS = (
					"$(inherited)",
					"@executable_path/Frameworks",
				);
				MARKETING_VERSION = 1.0;
				PRODUCT_BUNDLE_IDENTIFIER = com.jonathanschaffer.Devote;
				PRODUCT_NAME = "$(TARGET_NAME)";
				SUPPORTED_PLATFORMS = "iphoneos iphonesimulator";
				SUPPORTS_MACCATALYST = NO;
				SUPPORTS_MAC_DESIGNED_FOR_IPHONE_IPAD = NO;
				SWIFT_EMIT_LOC_STRINGS = YES;
				SWIFT_VERSION = 5.0;
				TARGETED_DEVICE_FAMILY = "1,2";
			};
			name = Debug;
		};
		ACFBE20429CE150100E1F159 /* Release */ = {
			isa = XCBuildConfiguration;
			buildSettings = {
				ALWAYS_EMBED_SWIFT_STANDARD_LIBRARIES = YES;
				ASSETCATALOG_COMPILER_APPICON_NAME = AppIcon;
				ASSETCATALOG_COMPILER_GLOBAL_ACCENT_COLOR_NAME = AccentColor;
				CODE_SIGN_STYLE = Automatic;
				CURRENT_PROJECT_VERSION = 1;
				DEVELOPMENT_ASSET_PATHS = "\"Devote/Preview Content\"";
				DEVELOPMENT_TEAM = 9N27YBGSVD;
				ENABLE_PREVIEWS = YES;
				GENERATE_INFOPLIST_FILE = YES;
				INFOPLIST_FILE = Devote/Info.plist;
				INFOPLIST_KEY_UIApplicationSceneManifest_Generation = YES;
				INFOPLIST_KEY_UIApplicationSupportsIndirectInputEvents = YES;
				INFOPLIST_KEY_UISupportedInterfaceOrientations = UIInterfaceOrientationPortrait;
				LD_RUNPATH_SEARCH_PATHS = (
					"$(inherited)",
					"@executable_path/Frameworks",
				);
				MARKETING_VERSION = 1.0;
				PRODUCT_BUNDLE_IDENTIFIER = com.jonathanschaffer.Devote;
				PRODUCT_NAME = "$(TARGET_NAME)";
				SUPPORTED_PLATFORMS = "iphoneos iphonesimulator";
				SUPPORTS_MACCATALYST = NO;
				SUPPORTS_MAC_DESIGNED_FOR_IPHONE_IPAD = NO;
				SWIFT_EMIT_LOC_STRINGS = YES;
				SWIFT_VERSION = 5.0;
				TARGETED_DEVICE_FAMILY = "1,2";
			};
			name = Release;
		};
/* End XCBuildConfiguration section */

/* Begin XCConfigurationList section */
		AC35210F29F887F900FA6067 /* Build configuration list for PBXNativeTarget "DevoteWidgetExtension" */ = {
			isa = XCConfigurationList;
			buildConfigurations = (
				AC35210D29F887F900FA6067 /* Debug */,
				AC35210E29F887F900FA6067 /* Release */,
			);
			defaultConfigurationIsVisible = 0;
			defaultConfigurationName = Release;
		};
		ACFBE1EA29CE150100E1F159 /* Build configuration list for PBXProject "Devote" */ = {
			isa = XCConfigurationList;
			buildConfigurations = (
				ACFBE20029CE150100E1F159 /* Debug */,
				ACFBE20129CE150100E1F159 /* Release */,
			);
			defaultConfigurationIsVisible = 0;
			defaultConfigurationName = Release;
		};
		ACFBE20229CE150100E1F159 /* Build configuration list for PBXNativeTarget "Devote" */ = {
			isa = XCConfigurationList;
			buildConfigurations = (
				ACFBE20329CE150100E1F159 /* Debug */,
				ACFBE20429CE150100E1F159 /* Release */,
			);
			defaultConfigurationIsVisible = 0;
			defaultConfigurationName = Release;
		};
/* End XCConfigurationList section */

/* Begin XCVersionGroup section */
		ACFBE1FD29CE150100E1F159 /* Devote.xcdatamodeld */ = {
			isa = XCVersionGroup;
			children = (
				ACFBE1FE29CE150100E1F159 /* Devote.xcdatamodel */,
			);
			currentVersion = ACFBE1FE29CE150100E1F159 /* Devote.xcdatamodel */;
			path = Devote.xcdatamodeld;
			sourceTree = "<group>";
			versionGroupType = wrapper.xcdatamodel;
		};
/* End XCVersionGroup section */
	};
	rootObject = ACFBE1E729CE150100E1F159 /* Project object */;
}
